{
	"name": "lsp-sample-server",
	"version": "1.0.0",
	"lockfileVersion": 2,
	"requires": true,
	"packages": {
		"": {
			"name": "lsp-sample-server",
			"version": "1.0.0",
			"license": "MIT",
			"dependencies": {
				"dt-sql-parser": "^4.1.1",
				"vscode-languageserver": "^9.0.1",
				"vscode-languageserver-textdocument": "^1.0.11"
			},
			"engines": {
				"node": "*"
			}
		},
		"node_modules/antlr4-c3": {
			"version": "3.3.7",
			"resolved": "https://registry.npmjs.org/antlr4-c3/-/antlr4-c3-3.3.7.tgz",
			"integrity": "sha512-F3ndE38wwA6z6AjUbL3heSdEGl4TxulGDPf9xB0/IY4dbRHWBh6XNaqFwur8vHKQk9FS5yNABHeg2wqlqIYO0w==",
			"dependencies": {
				"antlr4ng": "2.0.11"
			}
		},
		"node_modules/antlr4ng": {
			"version": "2.0.11",
			"resolved": "https://registry.npmjs.org/antlr4ng/-/antlr4ng-2.0.11.tgz",
			"integrity": "sha512-9jM91VVtHSqHkAHQsXHaoaiewFETMvUTI1/tXvwTiFw4f7zke3IGlwEyoKN9NS0FqIwDKFvUNW2e1cKPniTkVQ==",
			"peerDependencies": {
				"antlr4ng-cli": "1.0.7"
			}
		},
		"node_modules/antlr4ng-cli": {
			"version": "1.0.7",
			"resolved": "https://registry.npmjs.org/antlr4ng-cli/-/antlr4ng-cli-1.0.7.tgz",
			"integrity": "sha512-qN2FsDBmLvsQcA5CWTrPz8I8gNXeS1fgXBBhI78VyxBSBV/EJgqy8ks6IDTC9jyugpl40csCQ4sL5K4i2YZ/2w==",
			"deprecated": "This package is deprecated and will no longer be updated. Please use the new antlr-ng package instead: https://github.com/mike-lischke/antlr-ng",
			"peer": true,
			"bin": {
				"antlr4ng": "index.js"
			}
		},
		"node_modules/dt-sql-parser": {
			"version": "4.1.1",
			"resolved": "https://registry.npmjs.org/dt-sql-parser/-/dt-sql-parser-4.1.1.tgz",
			"integrity": "sha512-9f4m+CxIzhIrFqW8g95bCRQd+B+WeiC+RgDinBL5hwxa9OXrC6iIbaUtmiMDLO3GDBONn9ybgc+kQzv+G7EKcg==",
			"dependencies": {
				"antlr4-c3": "3.3.7",
				"antlr4ng": "2.0.11"
			},
			"engines": {
				"node": ">=18"
			}
		},
		"node_modules/vscode-jsonrpc": {
			"version": "8.2.0",
			"resolved": "https://registry.npmjs.org/vscode-jsonrpc/-/vscode-jsonrpc-8.2.0.tgz",
			"integrity": "sha512-C+r0eKJUIfiDIfwJhria30+TYWPtuHJXHtI7J0YlOmKAo7ogxP20T0zxB7HZQIFhIyvoBPwWskjxrvAtfjyZfA==",
			"engines": {
				"node": ">=14.0.0"
			}
		},
		"node_modules/vscode-languageserver": {
			"version": "9.0.1",
			"resolved": "https://registry.npmjs.org/vscode-languageserver/-/vscode-languageserver-9.0.1.tgz",
			"integrity": "sha512-woByF3PDpkHFUreUa7Hos7+pUWdeWMXRd26+ZX2A8cFx6v/JPTtd4/uN0/jB6XQHYaOlHbio03NTHCqrgG5n7g==",
			"dependencies": {
				"vscode-languageserver-protocol": "3.17.5"
			},
			"bin": {
				"installServerIntoExtension": "bin/installServerIntoExtension"
			}
		},
		"node_modules/vscode-languageserver-protocol": {
			"version": "3.17.5",
			"resolved": "https://registry.npmjs.org/vscode-languageserver-protocol/-/vscode-languageserver-protocol-3.17.5.tgz",
			"integrity": "sha512-mb1bvRJN8SVznADSGWM9u/b07H7Ecg0I3OgXDuLdn307rl/J3A9YD6/eYOssqhecL27hK1IPZAsaqh00i/Jljg==",
			"dependencies": {
				"vscode-jsonrpc": "8.2.0",
				"vscode-languageserver-types": "3.17.5"
			}
		},
		"node_modules/vscode-languageserver-textdocument": {
			"version": "1.0.12",
			"resolved": "https://registry.npmjs.org/vscode-languageserver-textdocument/-/vscode-languageserver-textdocument-1.0.12.tgz",
			"integrity": "sha512-cxWNPesCnQCcMPeenjKKsOCKQZ/L6Tv19DTRIGuLWe32lyzWhihGVJ/rcckZXJxfdKCFvRLS3fpBIsV/ZGX4zA=="
		},
		"node_modules/vscode-languageserver-types": {
			"version": "3.17.5",
			"resolved": "https://registry.npmjs.org/vscode-languageserver-types/-/vscode-languageserver-types-3.17.5.tgz",
			"integrity": "sha512-Ld1VelNuX9pdF39h2Hgaeb5hEZM2Z3jUrrMgWQAu82jMtZp7p3vJT3BzToKtZI7NgQssZje5o0zryOrhQvzQAg=="
		}
	},
	"dependencies": {
		"antlr4-c3": {
			"version": "3.3.7",
			"resolved": "https://registry.npmjs.org/antlr4-c3/-/antlr4-c3-3.3.7.tgz",
			"integrity": "sha512-F3ndE38wwA6z6AjUbL3heSdEGl4TxulGDPf9xB0/IY4dbRHWBh6XNaqFwur8vHKQk9FS5yNABHeg2wqlqIYO0w==",
			"requires": {
				"antlr4ng": "2.0.11"
			}
		},
		"antlr4ng": {
			"version": "2.0.11",
			"resolved": "https://registry.npmjs.org/antlr4ng/-/antlr4ng-2.0.11.tgz",
			"integrity": "sha512-9jM91VVtHSqHkAHQsXHaoaiewFETMvUTI1/tXvwTiFw4f7zke3IGlwEyoKN9NS0FqIwDKFvUNW2e1cKPniTkVQ==",
			"requires": {}
		},
		"antlr4ng-cli": {
			"version": "1.0.7",
			"resolved": "https://registry.npmjs.org/antlr4ng-cli/-/antlr4ng-cli-1.0.7.tgz",
			"integrity": "sha512-qN2FsDBmLvsQcA5CWTrPz8I8gNXeS1fgXBBhI78VyxBSBV/EJgqy8ks6IDTC9jyugpl40csCQ4sL5K4i2YZ/2w==",
			"peer": true
		},
		"dt-sql-parser": {
			"version": "4.1.1",
			"resolved": "https://registry.npmjs.org/dt-sql-parser/-/dt-sql-parser-4.1.1.tgz",
			"integrity": "sha512-9f4m+CxIzhIrFqW8g95bCRQd+B+WeiC+RgDinBL5hwxa9OXrC6iIbaUtmiMDLO3GDBONn9ybgc+kQzv+G7EKcg==",
			"requires": {
				"antlr4-c3": "3.3.7",
				"antlr4ng": "2.0.11"
			}
		},
		"vscode-jsonrpc": {
			"version": "8.2.0",
			"resolved": "https://registry.npmjs.org/vscode-jsonrpc/-/vscode-jsonrpc-8.2.0.tgz",
			"integrity": "sha512-C+r0eKJUIfiDIfwJhria30+TYWPtuHJXHtI7J0YlOmKAo7ogxP20T0zxB7HZQIFhIyvoBPwWskjxrvAtfjyZfA=="
		},
		"vscode-languageserver": {
			"version": "9.0.1",
			"resolved": "https://registry.npmjs.org/vscode-languageserver/-/vscode-languageserver-9.0.1.tgz",
			"integrity": "sha512-woByF3PDpkHFUreUa7Hos7+pUWdeWMXRd26+ZX2A8cFx6v/JPTtd4/uN0/jB6XQHYaOlHbio03NTHCqrgG5n7g==",
			"requires": {
				"vscode-languageserver-protocol": "3.17.5"
			}
		},
		"vscode-languageserver-protocol": {
			"version": "3.17.5",
			"resolved": "https://registry.npmjs.org/vscode-languageserver-protocol/-/vscode-languageserver-protocol-3.17.5.tgz",
			"integrity": "sha512-mb1bvRJN8SVznADSGWM9u/b07H7Ecg0I3OgXDuLdn307rl/J3A9YD6/eYOssqhecL27hK1IPZAsaqh00i/Jljg==",
			"requires": {
				"vscode-jsonrpc": "8.2.0",
				"vscode-languageserver-types": "3.17.5"
			}
		},
		"vscode-languageserver-textdocument": {
			"version": "1.0.12",
			"resolved": "https://registry.npmjs.org/vscode-languageserver-textdocument/-/vscode-languageserver-textdocument-1.0.12.tgz",
			"integrity": "sha512-cxWNPesCnQCcMPeenjKKsOCKQZ/L6Tv19DTRIGuLWe32lyzWhihGVJ/rcckZXJxfdKCFvRLS3fpBIsV/ZGX4zA=="
		},
		"vscode-languageserver-types": {
			"version": "3.17.5",
			"resolved": "https://registry.npmjs.org/vscode-languageserver-types/-/vscode-languageserver-types-3.17.5.tgz",
			"integrity": "sha512-Ld1VelNuX9pdF39h2Hgaeb5hEZM2Z3jUrrMgWQAu82jMtZp7p3vJT3BzToKtZI7NgQssZje5o0zryOrhQvzQAg=="
		}
	}
}
